
Microsoft Visual Studio Solution File, Format Version 12.00
# Visual Studio Version 16
VisualStudioVersion = 16.0.34031.81
MinimumVisualStudioVersion = 10.0.40219.1
Project("{FAE04EC0-301F-11D3-BF4B-00C04F79EFBC}") = "ShopHoa", "ShopHoa\ShopHoa.csproj", "{CA1E7D13-6E6B-4DCA-9B78-AAE97669BF46}"
EndProject
Global
	GlobalSection(SolutionConfigurationPlatforms) = preSolution
		Debug|Any CPU = Debug|Any CPU
		Release|Any CPU = Release|Any CPU
	EndGlobalSection
	GlobalSection(ProjectConfigurationPlatforms) = postSolution
		{CA1E7D13-6E6B-4DCA-9B78-AAE97669BF46}.Debug|Any CPU.ActiveCfg = Debug|Any CPU
		{CA1E7D13-6E6B-4DCA-9B78-AAE97669BF46}.Debug|Any CPU.Build.0 = Debug|Any CPU
		{CA1E7D13-6E6B-4DCA-9B78-AAE97669BF46}.Release|Any CPU.ActiveCfg = Release|Any CPU
		{CA1E7D13-6E6B-4DCA-9B78-AAE97669BF46}.Release|Any CPU.Build.0 = Release|Any CPU
	EndGlobalSection
	GlobalSection(SolutionProperties) = preSolution
		HideSolutionNode = FALSE
	EndGlobalSection
	GlobalSection(ExtensibilityGlobals) = postSolution
		SolutionGuid = {F1C56848-9184-405B-9D87-3AE5A9157964}
	EndGlobalSection
EndGlobal
